// !$*UTF8*$!
{
	archiveVersion = 1;
	classes = {
	};
	objectVersion = 56;
	objects = {

/* Begin PBXBuildFile section */
		AC1A40BA2CFD257B00632195 /* GoogleService-Info.plist in Resources */ = {isa = PBXBuildFile; fileRef = AC1A40B92CFD257B00632195 /* GoogleService-Info.plist */; };
		AC1A40BE2CFD260C00632195 /* FirebaseFirestore in Frameworks */ = {isa = PBXBuildFile; productRef = AC1A40BD2CFD260C00632195 /* FirebaseFirestore */; };
		AC1A40C22CFD271D00632195 /* FirebaseManager.swift in Sources */ = {isa = PBXBuildFile; fileRef = AC1A40C12CFD271D00632195 /* FirebaseManager.swift */; };
		AC1A40C42CFD275300632195 /* PromptSelectionView.swift in Sources */ = {isa = PBXBuildFile; fileRef = AC1A40C32CFD275300632195 /* PromptSelectionView.swift */; };
		AC1A40CA2CFD27DA00632195 /* JournalEntryView.swift in Sources */ = {isa = PBXBuildFile; fileRef = AC1A40C92CFD27DA00632195 /* JournalEntryView.swift */; };
		AC1A40CC2CFD2AEE00632195 /* JournalManager.swift in Sources */ = {isa = PBXBuildFile; fileRef = AC1A40CB2CFD2AEE00632195 /* JournalManager.swift */; };
		AC715A6D2CFF8DDA009D99AE /* JournalDetailView.swift in Sources */ = {isa = PBXBuildFile; fileRef = AC715A6C2CFF8DDA009D99AE /* JournalDetailView.swift */; };
		ACFC3EEE2CFBB30C005844E9 /* JournalMeApp.swift in Sources */ = {isa = PBXBuildFile; fileRef = ACFC3EED2CFBB30C005844E9 /* JournalMeApp.swift */; };
		ACFC3EF22CFBB30D005844E9 /* Assets.xcassets in Resources */ = {isa = PBXBuildFile; fileRef = ACFC3EF12CFBB30D005844E9 /* Assets.xcassets */; };
		ACFC3EF52CFBB30D005844E9 /* Preview Assets.xcassets in Resources */ = {isa = PBXBuildFile; fileRef = ACFC3EF42CFBB30D005844E9 /* Preview Assets.xcassets */; };
		ACFC3EFC2CFBB7D6005844E9 /* MainView.swift in Sources */ = {isa = PBXBuildFile; fileRef = ACFC3EFB2CFBB7D6005844E9 /* MainView.swift */; };
/* End PBXBuildFile section */

/* Begin PBXFileReference section */
		AC1A40B92CFD257B00632195 /* GoogleService-Info.plist */ = {isa = PBXFileReference; fileEncoding = 4; lastKnownFileType = text.plist.xml; path = "GoogleService-Info.plist"; sourceTree = "<group>"; };
		AC1A40C12CFD271D00632195 /* FirebaseManager.swift */ = {isa = PBXFileReference; lastKnownFileType = sourcecode.swift; path = FirebaseManager.swift; sourceTree = "<group>"; };
		AC1A40C32CFD275300632195 /* PromptSelectionView.swift */ = {isa = PBXFileReference; lastKnownFileType = sourcecode.swift; path = PromptSelectionView.swift; sourceTree = "<group>"; };
		AC1A40C92CFD27DA00632195 /* JournalEntryView.swift */ = {isa = PBXFileReference; lastKnownFileType = sourcecode.swift; path = JournalEntryView.swift; sourceTree = "<group>"; };
		AC1A40CB2CFD2AEE00632195 /* JournalManager.swift */ = {isa = PBXFileReference; lastKnownFileType = sourcecode.swift; path = JournalManager.swift; sourceTree = "<group>"; };
		AC715A6C2CFF8DDA009D99AE /* JournalDetailView.swift */ = {isa = PBXFileReference; lastKnownFileType = sourcecode.swift; path = JournalDetailView.swift; sourceTree = "<group>"; };
		ACFC3EEA2CFBB30C005844E9 /* JournalMe.app */ = {isa = PBXFileReference; explicitFileType = wrapper.application; includeInIndex = 0; path = JournalMe.app; sourceTree = BUILT_PRODUCTS_DIR; };
		ACFC3EED2CFBB30C005844E9 /* JournalMeApp.swift */ = {isa = PBXFileReference; lastKnownFileType = sourcecode.swift; path = JournalMeApp.swift; sourceTree = "<group>"; };
		ACFC3EF12CFBB30D005844E9 /* Assets.xcassets */ = {isa = PBXFileReference; lastKnownFileType = folder.assetcatalog; path = Assets.xcassets; sourceTree = "<group>"; };
		ACFC3EF42CFBB30D005844E9 /* Preview Assets.xcassets */ = {isa = PBXFileReference; lastKnownFileType = folder.assetcatalog; path = "Preview Assets.xcassets"; sourceTree = "<group>"; };
		ACFC3EFB2CFBB7D6005844E9 /* MainView.swift */ = {isa = PBXFileReference; lastKnownFileType = sourcecode.swift; path = MainView.swift; sourceTree = "<group>"; };
/* End PBXFileReference section */

/* Begin PBXFrameworksBuildPhase section */
		ACFC3EE72CFBB30C005844E9 /* Frameworks */ = {
			isa = PBXFrameworksBuildPhase;
			buildActionMask = 2147483647;
			files = (
				AC1A40BE2CFD260C00632195 /* FirebaseFirestore in Frameworks */,
			);
			runOnlyForDeploymentPostprocessing = 0;
		};
/* End PBXFrameworksBuildPhase section */

/* Begin PBXGroup section */
		AC1A40BC2CFD260C00632195 /* Frameworks */ = {
			isa = PBXGroup;
			children = (
			);
			name = Frameworks;
			sourceTree = "<group>";
		};
		ACFC3EE12CFBB30C005844E9 = {
			isa = PBXGroup;
			children = (
				ACFC3EEC2CFBB30C005844E9 /* JournalMe */,
				ACFC3EEB2CFBB30C005844E9 /* Products */,
				AC1A40BC2CFD260C00632195 /* Frameworks */,
			);
			sourceTree = "<group>";
		};
		ACFC3EEB2CFBB30C005844E9 /* Products */ = {
			isa = PBXGroup;
			children = (
				ACFC3EEA2CFBB30C005844E9 /* JournalMe.app */,
			);
			name = Products;
			sourceTree = "<group>";
		};
		ACFC3EEC2CFBB30C005844E9 /* JournalMe */ = {
			isa = PBXGroup;
			children = (
				ACFC3EED2CFBB30C005844E9 /* JournalMeApp.swift */,
				ACFC3EFB2CFBB7D6005844E9 /* MainView.swift */,
				AC715A6C2CFF8DDA009D99AE /* JournalDetailView.swift */,
				AC1A40CB2CFD2AEE00632195 /* JournalManager.swift */,
				AC1A40C92CFD27DA00632195 /* JournalEntryView.swift */,
				AC1A40C32CFD275300632195 /* PromptSelectionView.swift */,
				AC1A40C12CFD271D00632195 /* FirebaseManager.swift */,
				ACFC3EF12CFBB30D005844E9 /* Assets.xcassets */,
				AC1A40B92CFD257B00632195 /* GoogleService-Info.plist */,
				ACFC3EF32CFBB30D005844E9 /* Preview Content */,
			);
			path = JournalMe;
			sourceTree = "<group>";
		};
		ACFC3EF32CFBB30D005844E9 /* Preview Content */ = {
			isa = PBXGroup;
			children = (
				ACFC3EF42CFBB30D005844E9 /* Preview Assets.xcassets */,
			);
			path = "Preview Content";
			sourceTree = "<group>";
		};
/* End PBXGroup section */

/* Begin PBXNativeTarget section */
		ACFC3EE92CFBB30C005844E9 /* JournalMe */ = {
			isa = PBXNativeTarget;
			buildConfigurationList = ACFC3EF82CFBB30D005844E9 /* Build configuration list for PBXNativeTarget "JournalMe" */;
			buildPhases = (
				ACFC3EE62CFBB30C005844E9 /* Sources */,
				ACFC3EE72CFBB30C005844E9 /* Frameworks */,
				ACFC3EE82CFBB30C005844E9 /* Resources */,
			);
			buildRules = (
			);
			dependencies = (
			);
			name = JournalMe;
			packageProductDependencies = (
				AC1A40BD2CFD260C00632195 /* FirebaseFirestore */,
			);
			productName = JournalMe;
			productReference = ACFC3EEA2CFBB30C005844E9 /* JournalMe.app */;
			productType = "com.apple.product-type.application";
		};
/* End PBXNativeTarget section */

/* Begin PBXProject section */
		ACFC3EE22CFBB30C005844E9 /* Project object */ = {
			isa = PBXProject;
			attributes = {
				BuildIndependentTargetsInParallel = 1;
				LastSwiftUpdateCheck = 1540;
				LastUpgradeCheck = 1540;
				TargetAttributes = {
					ACFC3EE92CFBB30C005844E9 = {
						CreatedOnToolsVersion = 15.4;
					};
				};
			};
			buildConfigurationList = ACFC3EE52CFBB30C005844E9 /* Build configuration list for PBXProject "JournalMe" */;
			compatibilityVersion = "Xcode 14.0";
			developmentRegion = en;
			hasScannedForEncodings = 0;
			knownRegions = (
				en,
				Base,
			);
			mainGroup = ACFC3EE12CFBB30C005844E9;
			packageReferences = (
				AC1A40BB2CFD25C400632195 /* XCRemoteSwiftPackageReference "firebase-ios-sdk" */,
			);
			productRefGroup = ACFC3EEB2CFBB30C005844E9 /* Products */;
			projectDirPath = "";
			projectRoot = "";
			targets = (
				ACFC3EE92CFBB30C005844E9 /* JournalMe */,
			);
		};
/* End PBXProject section */

/* Begin PBXResourcesBuildPhase section */
		ACFC3EE82CFBB30C005844E9 /* Resources */ = {
			isa = PBXResourcesBuildPhase;
			buildActionMask = 2147483647;
			files = (
				ACFC3EF52CFBB30D005844E9 /* Preview Assets.xcassets in Resources */,
				ACFC3EF22CFBB30D005844E9 /* Assets.xcassets in Resources */,
				AC1A40BA2CFD257B00632195 /* GoogleService-Info.plist in Resources */,
			);
			runOnlyForDeploymentPostprocessing = 0;
		};
/* End PBXResourcesBuildPhase section */

/* Begin PBXSourcesBuildPhase section */
		ACFC3EE62CFBB30C005844E9 /* Sources */ = {
			isa = PBXSourcesBuildPhase;
			buildActionMask = 2147483647;
			files = (
				AC1A40C22CFD271D00632195 /* FirebaseManager.swift in Sources */,
				ACFC3EEE2CFBB30C005844E9 /* JournalMeApp.swift in Sources */,
				AC715A6D2CFF8DDA009D99AE /* JournalDetailView.swift in Sources */,
				AC1A40CA2CFD27DA00632195 /* JournalEntryView.swift in Sources */,
				ACFC3EFC2CFBB7D6005844E9 /* MainView.swift in Sources */,
				AC1A40C42CFD275300632195 /* PromptSelectionView.swift in Sources */,
				AC1A40CC2CFD2AEE00632195 /* JournalManager.swift in Sources */,
			);
			runOnlyForDeploymentPostprocessing = 0;
		};
/* End PBXSourcesBuildPhase section */

/* Begin XCBuildConfiguration section */
		ACFC3EF62CFBB30D005844E9 /* Debug */ = {
			isa = XCBuildConfiguration;
			buildSettings = {
				ALWAYS_SEARCH_USER_PATHS = NO;
				ASSETCATALOG_COMPILER_GENERATE_SWIFT_ASSET_SYMBOL_EXTENSIONS = YES;
				CLANG_ANALYZER_NONNULL = YES;
				CLANG_ANALYZER_NUMBER_OBJECT_CONVERSION = YES_AGGRESSIVE;
				CLANG_CXX_LANGUAGE_STANDARD = "gnu++20";
				CLANG_ENABLE_MODULES = YES;
				CLANG_ENABLE_OBJC_ARC = YES;
				CLANG_ENABLE_OBJC_WEAK = YES;
				CLANG_WARN_BLOCK_CAPTURE_AUTORELEASING = YES;
				CLANG_WARN_BOOL_CONVERSION = YES;
				CLANG_WARN_COMMA = YES;
				CLANG_WARN_CONSTANT_CONVERSION = YES;
				CLANG_WARN_DEPRECATED_OBJC_IMPLEMENTATIONS = YES;
				CLANG_WARN_DIRECT_OBJC_ISA_USAGE = YES_ERROR;
				CLANG_WARN_DOCUMENTATION_COMMENTS = YES;
				CLANG_WARN_EMPTY_BODY = YES;
				CLANG_WARN_ENUM_CONVERSION = YES;
				CLANG_WARN_INFINITE_RECURSION = YES;
				CLANG_WARN_INT_CONVERSION = YES;
				CLANG_WARN_NON_LITERAL_NULL_CONVERSION = YES;
				CLANG_WARN_OBJC_IMPLICIT_RETAIN_SELF = YES;
				CLANG_WARN_OBJC_LITERAL_CONVERSION = YES;
				CLANG_WARN_OBJC_ROOT_CLASS = YES_ERROR;
				CLANG_WARN_QUOTED_INCLUDE_IN_FRAMEWORK_HEADER = YES;
				CLANG_WARN_RANGE_LOOP_ANALYSIS = YES;
				CLANG_WARN_STRICT_PROTOTYPES = YES;
				CLANG_WARN_SUSPICIOUS_MOVE = YES;
				CLANG_WARN_UNGUARDED_AVAILABILITY = YES_AGGRESSIVE;
				CLANG_WARN_UNREACHABLE_CODE = YES;
				CLANG_WARN__DUPLICATE_METHOD_MATCH = YES;
				COPY_PHASE_STRIP = NO;
				DEBUG_INFORMATION_FORMAT = dwarf;
				ENABLE_STRICT_OBJC_MSGSEND = YES;
				ENABLE_TESTABILITY = YES;
				ENABLE_USER_SCRIPT_SANDBOXING = YES;
				GCC_C_LANGUAGE_STANDARD = gnu17;
				GCC_DYNAMIC_NO_PIC = NO;
				GCC_NO_COMMON_BLOCKS = YES;
				GCC_OPTIMIZATION_LEVEL = 0;
				GCC_PREPROCESSOR_DEFINITIONS = (
					"DEBUG=1",
					"$(inherited)",
				);
				GCC_WARN_64_TO_32_BIT_CONVERSION = YES;
				GCC_WARN_ABOUT_RETURN_TYPE = YES_ERROR;
				GCC_WARN_UNDECLARED_SELECTOR = YES;
				GCC_WARN_UNINITIALIZED_AUTOS = YES_AGGRESSIVE;
				GCC_WARN_UNUSED_FUNCTION = YES;
				GCC_WARN_UNUSED_VARIABLE = YES;
				IPHONEOS_DEPLOYMENT_TARGET = 17.5;
				LOCALIZATION_PREFERS_STRING_CATALOGS = YES;
				MTL_ENABLE_DEBUG_INFO = INCLUDE_SOURCE;
				MTL_FAST_MATH = YES;
				ONLY_ACTIVE_ARCH = YES;
				SDKROOT = iphoneos;
				SWIFT_ACTIVE_COMPILATION_CONDITIONS = "DEBUG $(inherited)";
				SWIFT_OPTIMIZATION_LEVEL = "-Onone";
			};
			name = Debug;
		};
		ACFC3EF72CFBB30D005844E9 /* Release */ = {
			isa = XCBuildConfiguration;
			buildSettings = {
				ALWAYS_SEARCH_USER_PATHS = NO;
				ASSETCATALOG_COMPILER_GENERATE_SWIFT_ASSET_SYMBOL_EXTENSIONS = YES;
				CLANG_ANALYZER_NONNULL = YES;
				CLANG_ANALYZER_NUMBER_OBJECT_CONVERSION = YES_AGGRESSIVE;
				CLANG_CXX_LANGUAGE_STANDARD = "gnu++20";
				CLANG_ENABLE_MODULES = YES;
				CLANG_ENABLE_OBJC_ARC = YES;
				CLANG_ENABLE_OBJC_WEAK = YES;
				CLANG_WARN_BLOCK_CAPTURE_AUTORELEASING = YES;
				CLANG_WARN_BOOL_CONVERSION = YES;
				CLANG_WARN_COMMA = YES;
				CLANG_WARN_CONSTANT_CONVERSION = YES;
				CLANG_WARN_DEPRECATED_OBJC_IMPLEMENTATIONS = YES;
				CLANG_WARN_DIRECT_OBJC_ISA_USAGE = YES_ERROR;
				CLANG_WARN_DOCUMENTATION_COMMENTS = YES;
				CLANG_WARN_EMPTY_BODY = YES;
				CLANG_WARN_ENUM_CONVERSION = YES;
				CLANG_WARN_INFINITE_RECURSION = YES;
				CLANG_WARN_INT_CONVERSION = YES;
				CLANG_WARN_NON_LITERAL_NULL_CONVERSION = YES;
				CLANG_WARN_OBJC_IMPLICIT_RETAIN_SELF = YES;
				CLANG_WARN_OBJC_LITERAL_CONVERSION = YES;
				CLANG_WARN_OBJC_ROOT_CLASS = YES_ERROR;
				CLANG_WARN_QUOTED_INCLUDE_IN_FRAMEWORK_HEADER = YES;
				CLANG_WARN_RANGE_LOOP_ANALYSIS = YES;
				CLANG_WARN_STRICT_PROTOTYPES = YES;
				CLANG_WARN_SUSPICIOUS_MOVE = YES;
				CLANG_WARN_UNGUARDED_AVAILABILITY = YES_AGGRESSIVE;
				CLANG_WARN_UNREACHABLE_CODE = YES;
				CLANG_WARN__DUPLICATE_METHOD_MATCH = YES;
				COPY_PHASE_STRIP = NO;
				DEBUG_INFORMATION_FORMAT = "dwarf-with-dsym";
				ENABLE_NS_ASSERTIONS = NO;
				ENABLE_STRICT_OBJC_MSGSEND = YES;
				ENABLE_USER_SCRIPT_SANDBOXING = YES;
				GCC_C_LANGUAGE_STANDARD = gnu17;
				GCC_NO_COMMON_BLOCKS = YES;
				GCC_WARN_64_TO_32_BIT_CONVERSION = YES;
				GCC_WARN_ABOUT_RETURN_TYPE = YES_ERROR;
				GCC_WARN_UNDECLARED_SELECTOR = YES;
				GCC_WARN_UNINITIALIZED_AUTOS = YES_AGGRESSIVE;
				GCC_WARN_UNUSED_FUNCTION = YES;
				GCC_WARN_UNUSED_VARIABLE = YES;
				IPHONEOS_DEPLOYMENT_TARGET = 17.5;
				LOCALIZATION_PREFERS_STRING_CATALOGS = YES;
				MTL_ENABLE_DEBUG_INFO = NO;
				MTL_FAST_MATH = YES;
				SDKROOT = iphoneos;
				SWIFT_COMPILATION_MODE = wholemodule;
				VALIDATE_PRODUCT = YES;
			};
			name = Release;
		};
		ACFC3EF92CFBB30D005844E9 /* Debug */ = {
			isa = XCBuildConfiguration;
			buildSettings = {
				ASSETCATALOG_COMPILER_APPICON_NAME = AppIcon;
				ASSETCATALOG_COMPILER_GLOBAL_ACCENT_COLOR_NAME = AccentColor;
				CODE_SIGN_STYLE = Automatic;
				CURRENT_PROJECT_VERSION = 1;
				DEVELOPMENT_ASSET_PATHS = "\"JournalMe/Preview Content\"";
				ENABLE_PREVIEWS = YES;
				GENERATE_INFOPLIST_FILE = YES;
				INFOPLIST_KEY_UIApplicationSceneManifest_Generation = YES;
				INFOPLIST_KEY_UIApplicationSupportsIndirectInputEvents = YES;
				INFOPLIST_KEY_UILaunchScreen_Generation = YES;
				INFOPLIST_KEY_UISupportedInterfaceOrientations_iPad = "UIInterfaceOrientationPortrait UIInterfaceOrientationPortraitUpsideDown UIInterfaceOrientationLandscapeLeft UIInterfaceOrientationLandscapeRight";
				INFOPLIST_KEY_UISupportedInterfaceOrientations_iPhone = "UIInterfaceOrientationPortrait UIInterfaceOrientationLandscapeLeft UIInterfaceOrientationLandscapeRight";
				LD_RUNPATH_SEARCH_PATHS = (
					"$(inherited)",
					"@executable_path/Frameworks",
				);
				MARKETING_VERSION = 1.0;
				PRODUCT_BUNDLE_IDENTIFIER = NoamYakov.JournalMe;
				PRODUCT_NAME = "$(TARGET_NAME)";
				SWIFT_EMIT_LOC_STRINGS = YES;
				SWIFT_VERSION = 5.0;
				TARGETED_DEVICE_FAMILY = "1,2";
			};
			name = Debug;
		};
		ACFC3EFA2CFBB30D005844E9 /* Release */ = {
			isa = XCBuildConfiguration;
			buildSettings = {
				ASSETCATALOG_COMPILER_APPICON_NAME = AppIcon;
				ASSETCATALOG_COMPILER_GLOBAL_ACCENT_COLOR_NAME = AccentColor;
				CODE_SIGN_STYLE = Automatic;
				CURRENT_PROJECT_VERSION = 1;
				DEVELOPMENT_ASSET_PATHS = "\"JournalMe/Preview Content\"";
				ENABLE_PREVIEWS = YES;
				GENERATE_INFOPLIST_FILE = YES;
				INFOPLIST_KEY_UIApplicationSceneManifest_Generation = YES;
				INFOPLIST_KEY_UIApplicationSupportsIndirectInputEvents = YES;
				INFOPLIST_KEY_UILaunchScreen_Generation = YES;
				INFOPLIST_KEY_UISupportedInterfaceOrientations_iPad = "UIInterfaceOrientationPortrait UIInterfaceOrientationPortraitUpsideDown UIInterfaceOrientationLandscapeLeft UIInterfaceOrientationLandscapeRight";
				INFOPLIST_KEY_UISupportedInterfaceOrientations_iPhone = "UIInterfaceOrientationPortrait UIInterfaceOrientationLandscapeLeft UIInterfaceOrientationLandscapeRight";
				LD_RUNPATH_SEARCH_PATHS = (
					"$(inherited)",
					"@executable_path/Frameworks",
				);
				MARKETING_VERSION = 1.0;
				PRODUCT_BUNDLE_IDENTIFIER = NoamYakov.JournalMe;
				PRODUCT_NAME = "$(TARGET_NAME)";
				SWIFT_EMIT_LOC_STRINGS = YES;
				SWIFT_VERSION = 5.0;
				TARGETED_DEVICE_FAMILY = "1,2";
			};
			name = Release;
		};
/* End XCBuildConfiguration section */

/* Begin XCConfigurationList section */
		ACFC3EE52CFBB30C005844E9 /* Build configuration list for PBXProject "JournalMe" */ = {
			isa = XCConfigurationList;
			buildConfigurations = (
				ACFC3EF62CFBB30D005844E9 /* Debug */,
				ACFC3EF72CFBB30D005844E9 /* Release */,
			);
			defaultConfigurationIsVisible = 0;
			defaultConfigurationName = Release;
		};
		ACFC3EF82CFBB30D005844E9 /* Build configuration list for PBXNativeTarget "JournalMe" */ = {
			isa = XCConfigurationList;
			buildConfigurations = (
				ACFC3EF92CFBB30D005844E9 /* Debug */,
				ACFC3EFA2CFBB30D005844E9 /* Release */,
			);
			defaultConfigurationIsVisible = 0;
			defaultConfigurationName = Release;
		};
/* End XCConfigurationList section */

/* Begin XCRemoteSwiftPackageReference section */
		AC1A40BB2CFD25C400632195 /* XCRemoteSwiftPackageReference "firebase-ios-sdk" */ = {
			isa = XCRemoteSwiftPackageReference;
			repositoryURL = "https://github.com/firebase/firebase-ios-sdk";
			requirement = {
				kind = upToNextMajorVersion;
				minimumVersion = 11.5.0;
			};
		};
/* End XCRemoteSwiftPackageReference section */

/* Begin XCSwiftPackageProductDependency section */
		AC1A40BD2CFD260C00632195 /* FirebaseFirestore */ = {
			isa = XCSwiftPackageProductDependency;
			package = AC1A40BB2CFD25C400632195 /* XCRemoteSwiftPackageReference "firebase-ios-sdk" */;
			productName = FirebaseFirestore;
		};
/* End XCSwiftPackageProductDependency section */
	};
	rootObject = ACFC3EE22CFBB30C005844E9 /* Project object */;
}
